
Microsoft Visual Studio Solution File, Format Version 12.00
# Visual Studio Version 16
VisualStudioVersion = 16.0.30011.22
MinimumVisualStudioVersion = 10.0.40219.1
Project("{9A19103F-16F7-4668-BE54-9A1E7A4F7556}") = "c-sharpProject1", "c-sharpProject1\c-sharpProject1.csproj", "{35347890-7EE7-4C8B-95C3-80550272649F}"
EndProject
Project("{2150E333-8FDC-42A3-9474-1A3956D46DE8}") = "Solution Items", "Solution Items", "{301BA680-56E1-4F46-BA5A-4B7119E3607B}"
	ProjectSection(SolutionItems) = preProject
		.editorconfig = .editorconfig
	EndProjectSection
EndProject
Global
	GlobalSection(SolutionConfigurationPlatforms) = preSolution
		Debug|Any CPU = Debug|Any CPU
		Release|Any CPU = Release|Any CPU
	EndGlobalSection
	GlobalSection(ProjectConfigurationPlatforms) = postSolution
		{35347890-7EE7-4C8B-95C3-80550272649F}.Debug|Any CPU.ActiveCfg = Debug|Any CPU
		{35347890-7EE7-4C8B-95C3-80550272649F}.Debug|Any CPU.Build.0 = Debug|Any CPU
		{35347890-7EE7-4C8B-95C3-80550272649F}.Release|Any CPU.ActiveCfg = Release|Any CPU
		{35347890-7EE7-4C8B-95C3-80550272649F}.Release|Any CPU.Build.0 = Release|Any CPU
	EndGlobalSection
	GlobalSection(SolutionProperties) = preSolution
		HideSolutionNode = FALSE
	EndGlobalSection
	GlobalSection(ExtensibilityGlobals) = postSolution
		SolutionGuid = {41C276D2-09A1-4F1D-B7A9-AB5508F65D87}
	EndGlobalSection
EndGlobal
